
Microsoft Visual Studio Solution File, Format Version 12.00
# Visual Studio Version 16
VisualStudioVersion = 16.0.33328.57
MinimumVisualStudioVersion = 10.0.40219.1
Project("{FAE04EC0-301F-11D3-BF4B-00C04F79EFBC}") = "coursework", "coursework\coursework.csproj", "{0365BE15-2714-44E9-9176-D0CEAF2DAE9E}"
EndProject
Global
	GlobalSection(SolutionConfigurationPlatforms) = preSolution
		Debug|Any CPU = Debug|Any CPU
		Release|Any CPU = Release|Any CPU
	EndGlobalSection
	GlobalSection(ProjectConfigurationPlatforms) = postSolution
		{0365BE15-2714-44E9-9176-D0CEAF2DAE9E}.Debug|Any CPU.ActiveCfg = Debug|Any CPU
		{0365BE15-2714-44E9-9176-D0CEAF2DAE9E}.Debug|Any CPU.Build.0 = Debug|Any CPU
		{0365BE15-2714-44E9-9176-D0CEAF2DAE9E}.Release|Any CPU.ActiveCfg = Release|Any CPU
		{0365BE15-2714-44E9-9176-D0CEAF2DAE9E}.Release|Any CPU.Build.0 = Release|Any CPU
	EndGlobalSection
	GlobalSection(SolutionProperties) = preSolution
		HideSolutionNode = FALSE
	EndGlobalSection
	GlobalSection(ExtensibilityGlobals) = postSolution
		SolutionGuid = {914E5C7C-D7CB-4588-85D9-5760880F1D19}
	EndGlobalSection
EndGlobal
